{
  "name": "deng-front",
  "lockfileVersion": 3,
  "requires": true,
  "packages": {
    "": {
      "dependencies": {
        "tdesign-miniprogram": "^1.10.1"
      }
    },
    "node_modules/tdesign-miniprogram": {
      "version": "1.10.1",
      "resolved": "https://mirrors.cloud.tencent.com/npm/tdesign-miniprogram/-/tdesign-miniprogram-1.10.1.tgz",
      "integrity": "sha512-rKM3JYfJGB+R9G/yp6kGVN0Kc0hKqKoQnpoWm7OVrXNsYM0dlJXwTf+WsLkQtgUyfM20taqNaxXD852Bx7IseQ==",
      "license": "MIT"
    }
  }
}
